// !$*UTF8*$!
{
	archiveVersion = 1;
	classes = {
	};
	objectVersion = 50;
	objects = {

/* Begin PBXBuildFile section */
		E187813627259120003010E0 /* RecipeAApp.swift in Sources */ = {isa = PBXBuildFile; fileRef = E187813527259120003010E0 /* RecipeAApp.swift */; };
		E187813827259120003010E0 /* ContentView.swift in Sources */ = {isa = PBXBuildFile; fileRef = E187813727259120003010E0 /* ContentView.swift */; };
		E187813A27259122003010E0 /* Assets.xcassets in Resources */ = {isa = PBXBuildFile; fileRef = E187813927259122003010E0 /* Assets.xcassets */; };
		E187813D27259122003010E0 /* Preview Assets.xcassets in Resources */ = {isa = PBXBuildFile; fileRef = E187813C27259122003010E0 /* Preview Assets.xcassets */; };
		E187814827259123003010E0 /* RecipeATests.swift in Sources */ = {isa = PBXBuildFile; fileRef = E187814727259123003010E0 /* RecipeATests.swift */; };
		E187815327259123003010E0 /* RecipeAUITests.swift in Sources */ = {isa = PBXBuildFile; fileRef = E187815227259123003010E0 /* RecipeAUITests.swift */; };
/* End PBXBuildFile section */

/* Begin PBXContainerItemProxy section */
		E187814427259123003010E0 /* PBXContainerItemProxy */ = {
			isa = PBXContainerItemProxy;
			containerPortal = E187812A27259120003010E0 /* Project object */;
			proxyType = 1;
			remoteGlobalIDString = E187813127259120003010E0;
			remoteInfo = RecipeA;
		};
		E187814F27259123003010E0 /* PBXContainerItemProxy */ = {
			isa = PBXContainerItemProxy;
			containerPortal = E187812A27259120003010E0 /* Project object */;
			proxyType = 1;
			remoteGlobalIDString = E187813127259120003010E0;
			remoteInfo = RecipeA;
		};
/* End PBXContainerItemProxy section */

/* Begin PBXFileReference section */
		E187813227259120003010E0 /* RecipeA.app */ = {isa = PBXFileReference; explicitFileType = wrapper.application; includeInIndex = 0; path = RecipeA.app; sourceTree = BUILT_PRODUCTS_DIR; };
		E187813527259120003010E0 /* RecipeAApp.swift */ = {isa = PBXFileReference; lastKnownFileType = sourcecode.swift; path = RecipeAApp.swift; sourceTree = "<group>"; };
		E187813727259120003010E0 /* ContentView.swift */ = {isa = PBXFileReference; lastKnownFileType = sourcecode.swift; path = ContentView.swift; sourceTree = "<group>"; };
		E187813927259122003010E0 /* Assets.xcassets */ = {isa = PBXFileReference; lastKnownFileType = folder.assetcatalog; path = Assets.xcassets; sourceTree = "<group>"; };
		E187813C27259122003010E0 /* Preview Assets.xcassets */ = {isa = PBXFileReference; lastKnownFileType = folder.assetcatalog; path = "Preview Assets.xcassets"; sourceTree = "<group>"; };
		E187813E27259122003010E0 /* Info.plist */ = {isa = PBXFileReference; lastKnownFileType = text.plist.xml; path = Info.plist; sourceTree = "<group>"; };
		E187814327259123003010E0 /* RecipeATests.xctest */ = {isa = PBXFileReference; explicitFileType = wrapper.cfbundle; includeInIndex = 0; path = RecipeATests.xctest; sourceTree = BUILT_PRODUCTS_DIR; };
		E187814727259123003010E0 /* RecipeATests.swift */ = {isa = PBXFileReference; lastKnownFileType = sourcecode.swift; path = RecipeATests.swift; sourceTree = "<group>"; };
		E187814927259123003010E0 /* Info.plist */ = {isa = PBXFileReference; lastKnownFileType = text.plist.xml; path = Info.plist; sourceTree = "<group>"; };
		E187814E27259123003010E0 /* RecipeAUITests.xctest */ = {isa = PBXFileReference; explicitFileType = wrapper.cfbundle; includeInIndex = 0; path = RecipeAUITests.xctest; sourceTree = BUILT_PRODUCTS_DIR; };
		E187815227259123003010E0 /* RecipeAUITests.swift */ = {isa = PBXFileReference; lastKnownFileType = sourcecode.swift; path = RecipeAUITests.swift; sourceTree = "<group>"; };
		E187815427259123003010E0 /* Info.plist */ = {isa = PBXFileReference; lastKnownFileType = text.plist.xml; path = Info.plist; sourceTree = "<group>"; };
/* End PBXFileReference section */

/* Begin PBXFrameworksBuildPhase section */
		E187812F27259120003010E0 /* Frameworks */ = {
			isa = PBXFrameworksBuildPhase;
			buildActionMask = 2147483647;
			files = (
			);
			runOnlyForDeploymentPostprocessing = 0;
		};
		E187814027259123003010E0 /* Frameworks */ = {
			isa = PBXFrameworksBuildPhase;
			buildActionMask = 2147483647;
			files = (
			);
			runOnlyForDeploymentPostprocessing = 0;
		};
		E187814B27259123003010E0 /* Frameworks */ = {
			isa = PBXFrameworksBuildPhase;
			buildActionMask = 2147483647;
			files = (
			);
			runOnlyForDeploymentPostprocessing = 0;
		};
/* End PBXFrameworksBuildPhase section */

/* Begin PBXGroup section */
		E187812927259120003010E0 = {
			isa = PBXGroup;
			children = (
				E187813427259120003010E0 /* RecipeA */,
				E187814627259123003010E0 /* RecipeATests */,
				E187815127259123003010E0 /* RecipeAUITests */,
				E187813327259120003010E0 /* Products */,
			);
			sourceTree = "<group>";
		};
		E187813327259120003010E0 /* Products */ = {
			isa = PBXGroup;
			children = (
				E187813227259120003010E0 /* RecipeA.app */,
				E187814327259123003010E0 /* RecipeATests.xctest */,
				E187814E27259123003010E0 /* RecipeAUITests.xctest */,
			);
			name = Products;
			sourceTree = "<group>";
		};
		E187813427259120003010E0 /* RecipeA */ = {
			isa = PBXGroup;
			children = (
				E187813527259120003010E0 /* RecipeAApp.swift */,
				E187813727259120003010E0 /* ContentView.swift */,
				E187813927259122003010E0 /* Assets.xcassets */,
				E187813E27259122003010E0 /* Info.plist */,
				E187813B27259122003010E0 /* Preview Content */,
			);
			path = RecipeA;
			sourceTree = "<group>";
		};
		E187813B27259122003010E0 /* Preview Content */ = {
			isa = PBXGroup;
			children = (
				E187813C27259122003010E0 /* Preview Assets.xcassets */,
			);
			path = "Preview Content";
			sourceTree = "<group>";
		};
		E187814627259123003010E0 /* RecipeATests */ = {
			isa = PBXGroup;
			children = (
				E187814727259123003010E0 /* RecipeATests.swift */,
				E187814927259123003010E0 /* Info.plist */,
			);
			path = RecipeATests;
			sourceTree = "<group>";
		};
		E187815127259123003010E0 /* RecipeAUITests */ = {
			isa = PBXGroup;
			children = (
				E187815227259123003010E0 /* RecipeAUITests.swift */,
				E187815427259123003010E0 /* Info.plist */,
			);
			path = RecipeAUITests;
			sourceTree = "<group>";
		};
/* End PBXGroup section */

/* Begin PBXNativeTarget section */
		E187813127259120003010E0 /* RecipeA */ = {
			isa = PBXNativeTarget;
			buildConfigurationList = E187815727259123003010E0 /* Build configuration list for PBXNativeTarget "RecipeA" */;
			buildPhases = (
				E187812E27259120003010E0 /* Sources */,
				E187812F27259120003010E0 /* Frameworks */,
				E187813027259120003010E0 /* Resources */,
			);
			buildRules = (
			);
			dependencies = (
			);
			name = RecipeA;
			productName = RecipeA;
			productReference = E187813227259120003010E0 /* RecipeA.app */;
			productType = "com.apple.product-type.application";
		};
		E187814227259123003010E0 /* RecipeATests */ = {
			isa = PBXNativeTarget;
			buildConfigurationList = E187815A27259123003010E0 /* Build configuration list for PBXNativeTarget "RecipeATests" */;
			buildPhases = (
				E187813F27259123003010E0 /* Sources */,
				E187814027259123003010E0 /* Frameworks */,
				E187814127259123003010E0 /* Resources */,
			);
			buildRules = (
			);
			dependencies = (
				E187814527259123003010E0 /* PBXTargetDependency */,
			);
			name = RecipeATests;
			productName = RecipeATests;
			productReference = E187814327259123003010E0 /* RecipeATests.xctest */;
			productType = "com.apple.product-type.bundle.unit-test";
		};
		E187814D27259123003010E0 /* RecipeAUITests */ = {
			isa = PBXNativeTarget;
			buildConfigurationList = E187815D27259123003010E0 /* Build configuration list for PBXNativeTarget "RecipeAUITests" */;
			buildPhases = (
				E187814A27259123003010E0 /* Sources */,
				E187814B27259123003010E0 /* Frameworks */,
				E187814C27259123003010E0 /* Resources */,
			);
			buildRules = (
			);
			dependencies = (
				E187815027259123003010E0 /* PBXTargetDependency */,
			);
			name = RecipeAUITests;
			productName = RecipeAUITests;
			productReference = E187814E27259123003010E0 /* RecipeAUITests.xctest */;
			productType = "com.apple.product-type.bundle.ui-testing";
		};
/* End PBXNativeTarget section */

/* Begin PBXProject section */
		E187812A27259120003010E0 /* Project object */ = {
			isa = PBXProject;
			attributes = {
				LastSwiftUpdateCheck = 1250;
				LastUpgradeCheck = 1250;
				TargetAttributes = {
					E187813127259120003010E0 = {
						CreatedOnToolsVersion = 12.5.1;
					};
					E187814227259123003010E0 = {
						CreatedOnToolsVersion = 12.5.1;
						TestTargetID = E187813127259120003010E0;
					};
					E187814D27259123003010E0 = {
						CreatedOnToolsVersion = 12.5.1;
						TestTargetID = E187813127259120003010E0;
					};
				};
			};
			buildConfigurationList = E187812D27259120003010E0 /* Build configuration list for PBXProject "RecipeA" */;
			compatibilityVersion = "Xcode 9.3";
			developmentRegion = en;
			hasScannedForEncodings = 0;
			knownRegions = (
				en,
				Base,
			);
			mainGroup = E187812927259120003010E0;
			productRefGroup = E187813327259120003010E0 /* Products */;
			projectDirPath = "";
			projectRoot = "";
			targets = (
				E187813127259120003010E0 /* RecipeA */,
				E187814227259123003010E0 /* RecipeATests */,
				E187814D27259123003010E0 /* RecipeAUITests */,
			);
		};
/* End PBXProject section */

/* Begin PBXResourcesBuildPhase section */
		E187813027259120003010E0 /* Resources */ = {
			isa = PBXResourcesBuildPhase;
			buildActionMask = 2147483647;
			files = (
				E187813D27259122003010E0 /* Preview Assets.xcassets in Resources */,
				E187813A27259122003010E0 /* Assets.xcassets in Resources */,
			);
			runOnlyForDeploymentPostprocessing = 0;
		};
		E187814127259123003010E0 /* Resources */ = {
			isa = PBXResourcesBuildPhase;
			buildActionMask = 2147483647;
			files = (
			);
			runOnlyForDeploymentPostprocessing = 0;
		};
		E187814C27259123003010E0 /* Resources */ = {
			isa = PBXResourcesBuildPhase;
			buildActionMask = 2147483647;
			files = (
			);
			runOnlyForDeploymentPostprocessing = 0;
		};
/* End PBXResourcesBuildPhase section */

/* Begin PBXSourcesBuildPhase section */
		E187812E27259120003010E0 /* Sources */ = {
			isa = PBXSourcesBuildPhase;
			buildActionMask = 2147483647;
			files = (
				E187813827259120003010E0 /* ContentView.swift in Sources */,
				E187813627259120003010E0 /* RecipeAApp.swift in Sources */,
			);
			runOnlyForDeploymentPostprocessing = 0;
		};
		E187813F27259123003010E0 /* Sources */ = {
			isa = PBXSourcesBuildPhase;
			buildActionMask = 2147483647;
			files = (
				E187814827259123003010E0 /* RecipeATests.swift in Sources */,
			);
			runOnlyForDeploymentPostprocessing = 0;
		};
		E187814A27259123003010E0 /* Sources */ = {
			isa = PBXSourcesBuildPhase;
			buildActionMask = 2147483647;
			files = (
				E187815327259123003010E0 /* RecipeAUITests.swift in Sources */,
			);
			runOnlyForDeploymentPostprocessing = 0;
		};
/* End PBXSourcesBuildPhase section */

/* Begin PBXTargetDependency section */
		E187814527259123003010E0 /* PBXTargetDependency */ = {
			isa = PBXTargetDependency;
			target = E187813127259120003010E0 /* RecipeA */;
			targetProxy = E187814427259123003010E0 /* PBXContainerItemProxy */;
		};
		E187815027259123003010E0 /* PBXTargetDependency */ = {
			isa = PBXTargetDependency;
			target = E187813127259120003010E0 /* RecipeA */;
			targetProxy = E187814F27259123003010E0 /* PBXContainerItemProxy */;
		};
/* End PBXTargetDependency section */

/* Begin XCBuildConfiguration section */
		E187815527259123003010E0 /* Debug */ = {
			isa = XCBuildConfiguration;
			buildSettings = {
				ALWAYS_SEARCH_USER_PATHS = NO;
				CLANG_ANALYZER_NONNULL = YES;
				CLANG_ANALYZER_NUMBER_OBJECT_CONVERSION = YES_AGGRESSIVE;
				CLANG_CXX_LANGUAGE_STANDARD = "gnu++14";
				CLANG_CXX_LIBRARY = "libc++";
				CLANG_ENABLE_MODULES = YES;
				CLANG_ENABLE_OBJC_ARC = YES;
				CLANG_ENABLE_OBJC_WEAK = YES;
				CLANG_WARN_BLOCK_CAPTURE_AUTORELEASING = YES;
				CLANG_WARN_BOOL_CONVERSION = YES;
				CLANG_WARN_COMMA = YES;
				CLANG_WARN_CONSTANT_CONVERSION = YES;
				CLANG_WARN_DEPRECATED_OBJC_IMPLEMENTATIONS = YES;
				CLANG_WARN_DIRECT_OBJC_ISA_USAGE = YES_ERROR;
				CLANG_WARN_DOCUMENTATION_COMMENTS = YES;
				CLANG_WARN_EMPTY_BODY = YES;
				CLANG_WARN_ENUM_CONVERSION = YES;
				CLANG_WARN_INFINITE_RECURSION = YES;
				CLANG_WARN_INT_CONVERSION = YES;
				CLANG_WARN_NON_LITERAL_NULL_CONVERSION = YES;
				CLANG_WARN_OBJC_IMPLICIT_RETAIN_SELF = YES;
				CLANG_WARN_OBJC_LITERAL_CONVERSION = YES;
				CLANG_WARN_OBJC_ROOT_CLASS = YES_ERROR;
				CLANG_WARN_QUOTED_INCLUDE_IN_FRAMEWORK_HEADER = YES;
				CLANG_WARN_RANGE_LOOP_ANALYSIS = YES;
				CLANG_WARN_STRICT_PROTOTYPES = YES;
				CLANG_WARN_SUSPICIOUS_MOVE = YES;
				CLANG_WARN_UNGUARDED_AVAILABILITY = YES_AGGRESSIVE;
				CLANG_WARN_UNREACHABLE_CODE = YES;
				CLANG_WARN__DUPLICATE_METHOD_MATCH = YES;
				COPY_PHASE_STRIP = NO;
				DEBUG_INFORMATION_FORMAT = dwarf;
				ENABLE_STRICT_OBJC_MSGSEND = YES;
				ENABLE_TESTABILITY = YES;
				GCC_C_LANGUAGE_STANDARD = gnu11;
				GCC_DYNAMIC_NO_PIC = NO;
				GCC_NO_COMMON_BLOCKS = YES;
				GCC_OPTIMIZATION_LEVEL = 0;
				GCC_PREPROCESSOR_DEFINITIONS = (
					"DEBUG=1",
					"$(inherited)",
				);
				GCC_WARN_64_TO_32_BIT_CONVERSION = YES;
				GCC_WARN_ABOUT_RETURN_TYPE = YES_ERROR;
				GCC_WARN_UNDECLARED_SELECTOR = YES;
				GCC_WARN_UNINITIALIZED_AUTOS = YES_AGGRESSIVE;
				GCC_WARN_UNUSED_FUNCTION = YES;
				GCC_WARN_UNUSED_VARIABLE = YES;
				IPHONEOS_DEPLOYMENT_TARGET = 14.5;
				MTL_ENABLE_DEBUG_INFO = INCLUDE_SOURCE;
				MTL_FAST_MATH = YES;
				ONLY_ACTIVE_ARCH = YES;
				SDKROOT = iphoneos;
				SWIFT_ACTIVE_COMPILATION_CONDITIONS = DEBUG;
				SWIFT_OPTIMIZATION_LEVEL = "-Onone";
			};
			name = Debug;
		};
		E187815627259123003010E0 /* Release */ = {
			isa = XCBuildConfiguration;
			buildSettings = {
				ALWAYS_SEARCH_USER_PATHS = NO;
				CLANG_ANALYZER_NONNULL = YES;
				CLANG_ANALYZER_NUMBER_OBJECT_CONVERSION = YES_AGGRESSIVE;
				CLANG_CXX_LANGUAGE_STANDARD = "gnu++14";
				CLANG_CXX_LIBRARY = "libc++";
				CLANG_ENABLE_MODULES = YES;
				CLANG_ENABLE_OBJC_ARC = YES;
				CLANG_ENABLE_OBJC_WEAK = YES;
				CLANG_WARN_BLOCK_CAPTURE_AUTORELEASING = YES;
				CLANG_WARN_BOOL_CONVERSION = YES;
				CLANG_WARN_COMMA = YES;
				CLANG_WARN_CONSTANT_CONVERSION = YES;
				CLANG_WARN_DEPRECATED_OBJC_IMPLEMENTATIONS = YES;
				CLANG_WARN_DIRECT_OBJC_ISA_USAGE = YES_ERROR;
				CLANG_WARN_DOCUMENTATION_COMMENTS = YES;
				CLANG_WARN_EMPTY_BODY = YES;
				CLANG_WARN_ENUM_CONVERSION = YES;
				CLANG_WARN_INFINITE_RECURSION = YES;
				CLANG_WARN_INT_CONVERSION = YES;
				CLANG_WARN_NON_LITERAL_NULL_CONVERSION = YES;
				CLANG_WARN_OBJC_IMPLICIT_RETAIN_SELF = YES;
				CLANG_WARN_OBJC_LITERAL_CONVERSION = YES;
				CLANG_WARN_OBJC_ROOT_CLASS = YES_ERROR;
				CLANG_WARN_QUOTED_INCLUDE_IN_FRAMEWORK_HEADER = YES;
				CLANG_WARN_RANGE_LOOP_ANALYSIS = YES;
				CLANG_WARN_STRICT_PROTOTYPES = YES;
				CLANG_WARN_SUSPICIOUS_MOVE = YES;
				CLANG_WARN_UNGUARDED_AVAILABILITY = YES_AGGRESSIVE;
				CLANG_WARN_UNREACHABLE_CODE = YES;
				CLANG_WARN__DUPLICATE_METHOD_MATCH = YES;
				COPY_PHASE_STRIP = NO;
				DEBUG_INFORMATION_FORMAT = "dwarf-with-dsym";
				ENABLE_NS_ASSERTIONS = NO;
				ENABLE_STRICT_OBJC_MSGSEND = YES;
				GCC_C_LANGUAGE_STANDARD = gnu11;
				GCC_NO_COMMON_BLOCKS = YES;
				GCC_WARN_64_TO_32_BIT_CONVERSION = YES;
				GCC_WARN_ABOUT_RETURN_TYPE = YES_ERROR;
				GCC_WARN_UNDECLARED_SELECTOR = YES;
				GCC_WARN_UNINITIALIZED_AUTOS = YES_AGGRESSIVE;
				GCC_WARN_UNUSED_FUNCTION = YES;
				GCC_WARN_UNUSED_VARIABLE = YES;
				IPHONEOS_DEPLOYMENT_TARGET = 14.5;
				MTL_ENABLE_DEBUG_INFO = NO;
				MTL_FAST_MATH = YES;
				SDKROOT = iphoneos;
				SWIFT_COMPILATION_MODE = wholemodule;
				SWIFT_OPTIMIZATION_LEVEL = "-O";
				VALIDATE_PRODUCT = YES;
			};
			name = Release;
		};
		E187815827259123003010E0 /* Debug */ = {
			isa = XCBuildConfiguration;
			buildSettings = {
				ASSETCATALOG_COMPILER_APPICON_NAME = AppIcon;
				ASSETCATALOG_COMPILER_GLOBAL_ACCENT_COLOR_NAME = AccentColor;
				CODE_SIGN_STYLE = Automatic;
				DEVELOPMENT_ASSET_PATHS = "\"RecipeA/Preview Content\"";
				ENABLE_PREVIEWS = YES;
				INFOPLIST_FILE = RecipeA/Info.plist;
				IPHONEOS_DEPLOYMENT_TARGET = 14.0;
				LD_RUNPATH_SEARCH_PATHS = (
					"$(inherited)",
					"@executable_path/Frameworks",
				);
				PRODUCT_BUNDLE_IDENTIFIER = BundleID.RecipeA;
				PRODUCT_NAME = "$(TARGET_NAME)";
				SWIFT_VERSION = 5.0;
				TARGETED_DEVICE_FAMILY = "1,2";
			};
			name = Debug;
		};
		E187815927259123003010E0 /* Release */ = {
			isa = XCBuildConfiguration;
			buildSettings = {
				ASSETCATALOG_COMPILER_APPICON_NAME = AppIcon;
				ASSETCATALOG_COMPILER_GLOBAL_ACCENT_COLOR_NAME = AccentColor;
				CODE_SIGN_STYLE = Automatic;
				DEVELOPMENT_ASSET_PATHS = "\"RecipeA/Preview Content\"";
				ENABLE_PREVIEWS = YES;
				INFOPLIST_FILE = RecipeA/Info.plist;
				IPHONEOS_DEPLOYMENT_TARGET = 14.0;
				LD_RUNPATH_SEARCH_PATHS = (
					"$(inherited)",
					"@executable_path/Frameworks",
				);
				PRODUCT_BUNDLE_IDENTIFIER = BundleID.RecipeA;
				PRODUCT_NAME = "$(TARGET_NAME)";
				SWIFT_VERSION = 5.0;
				TARGETED_DEVICE_FAMILY = "1,2";
			};
			name = Release;
		};
		E187815B27259123003010E0 /* Debug */ = {
			isa = XCBuildConfiguration;
			buildSettings = {
				ALWAYS_EMBED_SWIFT_STANDARD_LIBRARIES = YES;
				BUNDLE_LOADER = "$(TEST_HOST)";
				CODE_SIGN_STYLE = Automatic;
				INFOPLIST_FILE = RecipeATests/Info.plist;
				IPHONEOS_DEPLOYMENT_TARGET = 14.0;
				LD_RUNPATH_SEARCH_PATHS = (
					"$(inherited)",
					"@executable_path/Frameworks",
					"@loader_path/Frameworks",
				);
				PRODUCT_BUNDLE_IDENTIFIER = BundleID.RecipeATests;
				PRODUCT_NAME = "$(TARGET_NAME)";
				SWIFT_VERSION = 5.0;
				TARGETED_DEVICE_FAMILY = "1,2";
				TEST_HOST = "$(BUILT_PRODUCTS_DIR)/RecipeA.app/RecipeA";
			};
			name = Debug;
		};
		E187815C27259123003010E0 /* Release */ = {
			isa = XCBuildConfiguration;
			buildSettings = {
				ALWAYS_EMBED_SWIFT_STANDARD_LIBRARIES = YES;
				BUNDLE_LOADER = "$(TEST_HOST)";
				CODE_SIGN_STYLE = Automatic;
				INFOPLIST_FILE = RecipeATests/Info.plist;
				IPHONEOS_DEPLOYMENT_TARGET = 14.0;
				LD_RUNPATH_SEARCH_PATHS = (
					"$(inherited)",
					"@executable_path/Frameworks",
					"@loader_path/Frameworks",
				);
				PRODUCT_BUNDLE_IDENTIFIER = BundleID.RecipeATests;
				PRODUCT_NAME = "$(TARGET_NAME)";
				SWIFT_VERSION = 5.0;
				TARGETED_DEVICE_FAMILY = "1,2";
				TEST_HOST = "$(BUILT_PRODUCTS_DIR)/RecipeA.app/RecipeA";
			};
			name = Release;
		};
		E187815E27259123003010E0 /* Debug */ = {
			isa = XCBuildConfiguration;
			buildSettings = {
				ALWAYS_EMBED_SWIFT_STANDARD_LIBRARIES = YES;
				CODE_SIGN_STYLE = Automatic;
				INFOPLIST_FILE = RecipeAUITests/Info.plist;
				LD_RUNPATH_SEARCH_PATHS = (
					"$(inherited)",
					"@executable_path/Frameworks",
					"@loader_path/Frameworks",
				);
				PRODUCT_BUNDLE_IDENTIFIER = BundleID.RecipeAUITests;
				PRODUCT_NAME = "$(TARGET_NAME)";
				SWIFT_VERSION = 5.0;
				TARGETED_DEVICE_FAMILY = "1,2";
				TEST_TARGET_NAME = RecipeA;
			};
			name = Debug;
		};
		E187815F27259123003010E0 /* Release */ = {
			isa = XCBuildConfiguration;
			buildSettings = {
				ALWAYS_EMBED_SWIFT_STANDARD_LIBRARIES = YES;
				CODE_SIGN_STYLE = Automatic;
				INFOPLIST_FILE = RecipeAUITests/Info.plist;
				LD_RUNPATH_SEARCH_PATHS = (
					"$(inherited)",
					"@executable_path/Frameworks",
					"@loader_path/Frameworks",
				);
				PRODUCT_BUNDLE_IDENTIFIER = BundleID.RecipeAUITests;
				PRODUCT_NAME = "$(TARGET_NAME)";
				SWIFT_VERSION = 5.0;
				TARGETED_DEVICE_FAMILY = "1,2";
				TEST_TARGET_NAME = RecipeA;
			};
			name = Release;
		};
/* End XCBuildConfiguration section */

/* Begin XCConfigurationList section */
		E187812D27259120003010E0 /* Build configuration list for PBXProject "RecipeA" */ = {
			isa = XCConfigurationList;
			buildConfigurations = (
				E187815527259123003010E0 /* Debug */,
				E187815627259123003010E0 /* Release */,
			);
			defaultConfigurationIsVisible = 0;
			defaultConfigurationName = Release;
		};
		E187815727259123003010E0 /* Build configuration list for PBXNativeTarget "RecipeA" */ = {
			isa = XCConfigurationList;
			buildConfigurations = (
				E187815827259123003010E0 /* Debug */,
				E187815927259123003010E0 /* Release */,
			);
			defaultConfigurationIsVisible = 0;
			defaultConfigurationName = Release;
		};
		E187815A27259123003010E0 /* Build configuration list for PBXNativeTarget "RecipeATests" */ = {
			isa = XCConfigurationList;
			buildConfigurations = (
				E187815B27259123003010E0 /* Debug */,
				E187815C27259123003010E0 /* Release */,
			);
			defaultConfigurationIsVisible = 0;
			defaultConfigurationName = Release;
		};
		E187815D27259123003010E0 /* Build configuration list for PBXNativeTarget "RecipeAUITests" */ = {
			isa = XCConfigurationList;
			buildConfigurations = (
				E187815E27259123003010E0 /* Debug */,
				E187815F27259123003010E0 /* Release */,
			);
			defaultConfigurationIsVisible = 0;
			defaultConfigurationName = Release;
		};
/* End XCConfigurationList section */
	};
	rootObject = E187812A27259120003010E0 /* Project object */;
}
